// !$*UTF8*$!
{
	archiveVersion = 1;
	classes = {
	};
	objectVersion = 48;
	objects = {

/* Begin PBXBuildFile section */
		A331327B2048FF1B00ADE1BC /* AppDelegate.swift in Sources */ = {isa = PBXBuildFile; fileRef = A331327A2048FF1B00ADE1BC /* AppDelegate.swift */; };
		A331327D2048FF1B00ADE1BC /* MasterViewController.swift in Sources */ = {isa = PBXBuildFile; fileRef = A331327C2048FF1B00ADE1BC /* MasterViewController.swift */; };
		A331327F2048FF1B00ADE1BC /* DetailViewController.swift in Sources */ = {isa = PBXBuildFile; fileRef = A331327E2048FF1B00ADE1BC /* DetailViewController.swift */; };
		A33132822048FF1B00ADE1BC /* Main.storyboard in Resources */ = {isa = PBXBuildFile; fileRef = A33132802048FF1B00ADE1BC /* Main.storyboard */; };
		A33132842048FF1B00ADE1BC /* Assets.xcassets in Resources */ = {isa = PBXBuildFile; fileRef = A33132832048FF1B00ADE1BC /* Assets.xcassets */; };
		A33132872048FF1B00ADE1BC /* LaunchScreen.storyboard in Resources */ = {isa = PBXBuildFile; fileRef = A33132852048FF1B00ADE1BC /* LaunchScreen.storyboard */; };
		A33132922048FF1B00ADE1BC /* GitHubSearchTests.swift in Sources */ = {isa = PBXBuildFile; fileRef = A33132912048FF1B00ADE1BC /* GitHubSearchTests.swift */; };
		A331329D2048FF1B00ADE1BC /* GitHubSearchUITests.swift in Sources */ = {isa = PBXBuildFile; fileRef = A331329C2048FF1B00ADE1BC /* GitHubSearchUITests.swift */; };
/* End PBXBuildFile section */

/* Begin PBXContainerItemProxy section */
		A331328E2048FF1B00ADE1BC /* PBXContainerItemProxy */ = {
			isa = PBXContainerItemProxy;
			containerPortal = A331326F2048FF1B00ADE1BC /* Project object */;
			proxyType = 1;
			remoteGlobalIDString = A33132762048FF1B00ADE1BC;
			remoteInfo = GitHubSearch;
		};
		A33132992048FF1B00ADE1BC /* PBXContainerItemProxy */ = {
			isa = PBXContainerItemProxy;
			containerPortal = A331326F2048FF1B00ADE1BC /* Project object */;
			proxyType = 1;
			remoteGlobalIDString = A33132762048FF1B00ADE1BC;
			remoteInfo = GitHubSearch;
		};
/* End PBXContainerItemProxy section */

/* Begin PBXFileReference section */
		A33132772048FF1B00ADE1BC /* GitHubSearch.app */ = {isa = PBXFileReference; explicitFileType = wrapper.application; includeInIndex = 0; path = GitHubSearch.app; sourceTree = BUILT_PRODUCTS_DIR; };
		A331327A2048FF1B00ADE1BC /* AppDelegate.swift */ = {isa = PBXFileReference; lastKnownFileType = sourcecode.swift; path = AppDelegate.swift; sourceTree = "<group>"; };
		A331327C2048FF1B00ADE1BC /* MasterViewController.swift */ = {isa = PBXFileReference; lastKnownFileType = sourcecode.swift; path = MasterViewController.swift; sourceTree = "<group>"; };
		A331327E2048FF1B00ADE1BC /* DetailViewController.swift */ = {isa = PBXFileReference; lastKnownFileType = sourcecode.swift; path = DetailViewController.swift; sourceTree = "<group>"; };
		A33132812048FF1B00ADE1BC /* Base */ = {isa = PBXFileReference; lastKnownFileType = file.storyboard; name = Base; path = Base.lproj/Main.storyboard; sourceTree = "<group>"; };
		A33132832048FF1B00ADE1BC /* Assets.xcassets */ = {isa = PBXFileReference; lastKnownFileType = folder.assetcatalog; path = Assets.xcassets; sourceTree = "<group>"; };
		A33132862048FF1B00ADE1BC /* Base */ = {isa = PBXFileReference; lastKnownFileType = file.storyboard; name = Base; path = Base.lproj/LaunchScreen.storyboard; sourceTree = "<group>"; };
		A33132882048FF1B00ADE1BC /* Info.plist */ = {isa = PBXFileReference; lastKnownFileType = text.plist.xml; path = Info.plist; sourceTree = "<group>"; };
		A331328D2048FF1B00ADE1BC /* GitHubSearchTests.xctest */ = {isa = PBXFileReference; explicitFileType = wrapper.cfbundle; includeInIndex = 0; path = GitHubSearchTests.xctest; sourceTree = BUILT_PRODUCTS_DIR; };
		A33132912048FF1B00ADE1BC /* GitHubSearchTests.swift */ = {isa = PBXFileReference; lastKnownFileType = sourcecode.swift; path = GitHubSearchTests.swift; sourceTree = "<group>"; };
		A33132932048FF1B00ADE1BC /* Info.plist */ = {isa = PBXFileReference; lastKnownFileType = text.plist.xml; path = Info.plist; sourceTree = "<group>"; };
		A33132982048FF1B00ADE1BC /* GitHubSearchUITests.xctest */ = {isa = PBXFileReference; explicitFileType = wrapper.cfbundle; includeInIndex = 0; path = GitHubSearchUITests.xctest; sourceTree = BUILT_PRODUCTS_DIR; };
		A331329C2048FF1B00ADE1BC /* GitHubSearchUITests.swift */ = {isa = PBXFileReference; lastKnownFileType = sourcecode.swift; path = GitHubSearchUITests.swift; sourceTree = "<group>"; };
		A331329E2048FF1B00ADE1BC /* Info.plist */ = {isa = PBXFileReference; lastKnownFileType = text.plist.xml; path = Info.plist; sourceTree = "<group>"; };
/* End PBXFileReference section */

/* Begin PBXFrameworksBuildPhase section */
		A33132742048FF1B00ADE1BC /* Frameworks */ = {
			isa = PBXFrameworksBuildPhase;
			buildActionMask = 2147483647;
			files = (
			);
			runOnlyForDeploymentPostprocessing = 0;
		};
		A331328A2048FF1B00ADE1BC /* Frameworks */ = {
			isa = PBXFrameworksBuildPhase;
			buildActionMask = 2147483647;
			files = (
			);
			runOnlyForDeploymentPostprocessing = 0;
		};
		A33132952048FF1B00ADE1BC /* Frameworks */ = {
			isa = PBXFrameworksBuildPhase;
			buildActionMask = 2147483647;
			files = (
			);
			runOnlyForDeploymentPostprocessing = 0;
		};
/* End PBXFrameworksBuildPhase section */

/* Begin PBXGroup section */
		A331326E2048FF1B00ADE1BC = {
			isa = PBXGroup;
			children = (
				A33132792048FF1B00ADE1BC /* GitHubSearch */,
				A33132902048FF1B00ADE1BC /* GitHubSearchTests */,
				A331329B2048FF1B00ADE1BC /* GitHubSearchUITests */,
				A33132782048FF1B00ADE1BC /* Products */,
			);
			sourceTree = "<group>";
		};
		A33132782048FF1B00ADE1BC /* Products */ = {
			isa = PBXGroup;
			children = (
				A33132772048FF1B00ADE1BC /* GitHubSearch.app */,
				A331328D2048FF1B00ADE1BC /* GitHubSearchTests.xctest */,
				A33132982048FF1B00ADE1BC /* GitHubSearchUITests.xctest */,
			);
			name = Products;
			sourceTree = "<group>";
		};
		A33132792048FF1B00ADE1BC /* GitHubSearch */ = {
			isa = PBXGroup;
			children = (
				A331327A2048FF1B00ADE1BC /* AppDelegate.swift */,
				A331327C2048FF1B00ADE1BC /* MasterViewController.swift */,
				A331327E2048FF1B00ADE1BC /* DetailViewController.swift */,
				A33132802048FF1B00ADE1BC /* Main.storyboard */,
				A33132832048FF1B00ADE1BC /* Assets.xcassets */,
				A33132852048FF1B00ADE1BC /* LaunchScreen.storyboard */,
				A33132882048FF1B00ADE1BC /* Info.plist */,
			);
			path = GitHubSearch;
			sourceTree = "<group>";
		};
		A33132902048FF1B00ADE1BC /* GitHubSearchTests */ = {
			isa = PBXGroup;
			children = (
				A33132912048FF1B00ADE1BC /* GitHubSearchTests.swift */,
				A33132932048FF1B00ADE1BC /* Info.plist */,
			);
			path = GitHubSearchTests;
			sourceTree = "<group>";
		};
		A331329B2048FF1B00ADE1BC /* GitHubSearchUITests */ = {
			isa = PBXGroup;
			children = (
				A331329C2048FF1B00ADE1BC /* GitHubSearchUITests.swift */,
				A331329E2048FF1B00ADE1BC /* Info.plist */,
			);
			path = GitHubSearchUITests;
			sourceTree = "<group>";
		};
/* End PBXGroup section */

/* Begin PBXNativeTarget section */
		A33132762048FF1B00ADE1BC /* GitHubSearch */ = {
			isa = PBXNativeTarget;
			buildConfigurationList = A33132A12048FF1B00ADE1BC /* Build configuration list for PBXNativeTarget "GitHubSearch" */;
			buildPhases = (
				A33132732048FF1B00ADE1BC /* Sources */,
				A33132742048FF1B00ADE1BC /* Frameworks */,
				A33132752048FF1B00ADE1BC /* Resources */,
			);
			buildRules = (
			);
			dependencies = (
			);
			name = GitHubSearch;
			productName = GitHubSearch;
			productReference = A33132772048FF1B00ADE1BC /* GitHubSearch.app */;
			productType = "com.apple.product-type.application";
		};
		A331328C2048FF1B00ADE1BC /* GitHubSearchTests */ = {
			isa = PBXNativeTarget;
			buildConfigurationList = A33132A42048FF1B00ADE1BC /* Build configuration list for PBXNativeTarget "GitHubSearchTests" */;
			buildPhases = (
				A33132892048FF1B00ADE1BC /* Sources */,
				A331328A2048FF1B00ADE1BC /* Frameworks */,
				A331328B2048FF1B00ADE1BC /* Resources */,
			);
			buildRules = (
			);
			dependencies = (
				A331328F2048FF1B00ADE1BC /* PBXTargetDependency */,
			);
			name = GitHubSearchTests;
			productName = GitHubSearchTests;
			productReference = A331328D2048FF1B00ADE1BC /* GitHubSearchTests.xctest */;
			productType = "com.apple.product-type.bundle.unit-test";
		};
		A33132972048FF1B00ADE1BC /* GitHubSearchUITests */ = {
			isa = PBXNativeTarget;
			buildConfigurationList = A33132A72048FF1B00ADE1BC /* Build configuration list for PBXNativeTarget "GitHubSearchUITests" */;
			buildPhases = (
				A33132942048FF1B00ADE1BC /* Sources */,
				A33132952048FF1B00ADE1BC /* Frameworks */,
				A33132962048FF1B00ADE1BC /* Resources */,
			);
			buildRules = (
			);
			dependencies = (
				A331329A2048FF1B00ADE1BC /* PBXTargetDependency */,
			);
			name = GitHubSearchUITests;
			productName = GitHubSearchUITests;
			productReference = A33132982048FF1B00ADE1BC /* GitHubSearchUITests.xctest */;
			productType = "com.apple.product-type.bundle.ui-testing";
		};
/* End PBXNativeTarget section */

/* Begin PBXProject section */
		A331326F2048FF1B00ADE1BC /* Project object */ = {
			isa = PBXProject;
			attributes = {
				LastSwiftUpdateCheck = 0920;
				LastUpgradeCheck = 0920;
				ORGANIZATIONNAME = yutaSanada;
				TargetAttributes = {
					A33132762048FF1B00ADE1BC = {
						CreatedOnToolsVersion = 9.2;
						ProvisioningStyle = Automatic;
					};
					A331328C2048FF1B00ADE1BC = {
						CreatedOnToolsVersion = 9.2;
						ProvisioningStyle = Automatic;
						TestTargetID = A33132762048FF1B00ADE1BC;
					};
					A33132972048FF1B00ADE1BC = {
						CreatedOnToolsVersion = 9.2;
						ProvisioningStyle = Automatic;
						TestTargetID = A33132762048FF1B00ADE1BC;
					};
				};
			};
			buildConfigurationList = A33132722048FF1B00ADE1BC /* Build configuration list for PBXProject "GitHubSearch" */;
			compatibilityVersion = "Xcode 8.0";
			developmentRegion = en;
			hasScannedForEncodings = 0;
			knownRegions = (
				en,
				Base,
			);
			mainGroup = A331326E2048FF1B00ADE1BC;
			productRefGroup = A33132782048FF1B00ADE1BC /* Products */;
			projectDirPath = "";
			projectRoot = "";
			targets = (
				A33132762048FF1B00ADE1BC /* GitHubSearch */,
				A331328C2048FF1B00ADE1BC /* GitHubSearchTests */,
				A33132972048FF1B00ADE1BC /* GitHubSearchUITests */,
			);
		};
/* End PBXProject section */

/* Begin PBXResourcesBuildPhase section */
		A33132752048FF1B00ADE1BC /* Resources */ = {
			isa = PBXResourcesBuildPhase;
			buildActionMask = 2147483647;
			files = (
				A33132872048FF1B00ADE1BC /* LaunchScreen.storyboard in Resources */,
				A33132842048FF1B00ADE1BC /* Assets.xcassets in Resources */,
				A33132822048FF1B00ADE1BC /* Main.storyboard in Resources */,
			);
			runOnlyForDeploymentPostprocessing = 0;
		};
		A331328B2048FF1B00ADE1BC /* Resources */ = {
			isa = PBXResourcesBuildPhase;
			buildActionMask = 2147483647;
			files = (
			);
			runOnlyForDeploymentPostprocessing = 0;
		};
		A33132962048FF1B00ADE1BC /* Resources */ = {
			isa = PBXResourcesBuildPhase;
			buildActionMask = 2147483647;
			files = (
			);
			runOnlyForDeploymentPostprocessing = 0;
		};
/* End PBXResourcesBuildPhase section */

/* Begin PBXSourcesBuildPhase section */
		A33132732048FF1B00ADE1BC /* Sources */ = {
			isa = PBXSourcesBuildPhase;
			buildActionMask = 2147483647;
			files = (
				A331327F2048FF1B00ADE1BC /* DetailViewController.swift in Sources */,
				A331327D2048FF1B00ADE1BC /* MasterViewController.swift in Sources */,
				A331327B2048FF1B00ADE1BC /* AppDelegate.swift in Sources */,
			);
			runOnlyForDeploymentPostprocessing = 0;
		};
		A33132892048FF1B00ADE1BC /* Sources */ = {
			isa = PBXSourcesBuildPhase;
			buildActionMask = 2147483647;
			files = (
				A33132922048FF1B00ADE1BC /* GitHubSearchTests.swift in Sources */,
			);
			runOnlyForDeploymentPostprocessing = 0;
		};
		A33132942048FF1B00ADE1BC /* Sources */ = {
			isa = PBXSourcesBuildPhase;
			buildActionMask = 2147483647;
			files = (
				A331329D2048FF1B00ADE1BC /* GitHubSearchUITests.swift in Sources */,
			);
			runOnlyForDeploymentPostprocessing = 0;
		};
/* End PBXSourcesBuildPhase section */

/* Begin PBXTargetDependency section */
		A331328F2048FF1B00ADE1BC /* PBXTargetDependency */ = {
			isa = PBXTargetDependency;
			target = A33132762048FF1B00ADE1BC /* GitHubSearch */;
			targetProxy = A331328E2048FF1B00ADE1BC /* PBXContainerItemProxy */;
		};
		A331329A2048FF1B00ADE1BC /* PBXTargetDependency */ = {
			isa = PBXTargetDependency;
			target = A33132762048FF1B00ADE1BC /* GitHubSearch */;
			targetProxy = A33132992048FF1B00ADE1BC /* PBXContainerItemProxy */;
		};
/* End PBXTargetDependency section */

/* Begin PBXVariantGroup section */
		A33132802048FF1B00ADE1BC /* Main.storyboard */ = {
			isa = PBXVariantGroup;
			children = (
				A33132812048FF1B00ADE1BC /* Base */,
			);
			name = Main.storyboard;
			sourceTree = "<group>";
		};
		A33132852048FF1B00ADE1BC /* LaunchScreen.storyboard */ = {
			isa = PBXVariantGroup;
			children = (
				A33132862048FF1B00ADE1BC /* Base */,
			);
			name = LaunchScreen.storyboard;
			sourceTree = "<group>";
		};
/* End PBXVariantGroup section */

/* Begin XCBuildConfiguration section */
		A331329F2048FF1B00ADE1BC /* Debug */ = {
			isa = XCBuildConfiguration;
			buildSettings = {
				ALWAYS_SEARCH_USER_PATHS = NO;
				CLANG_ANALYZER_NONNULL = YES;
				CLANG_ANALYZER_NUMBER_OBJECT_CONVERSION = YES_AGGRESSIVE;
				CLANG_CXX_LANGUAGE_STANDARD = "gnu++14";
				CLANG_CXX_LIBRARY = "libc++";
				CLANG_ENABLE_MODULES = YES;
				CLANG_ENABLE_OBJC_ARC = YES;
				CLANG_WARN_BLOCK_CAPTURE_AUTORELEASING = YES;
				CLANG_WARN_BOOL_CONVERSION = YES;
				CLANG_WARN_COMMA = YES;
				CLANG_WARN_CONSTANT_CONVERSION = YES;
				CLANG_WARN_DIRECT_OBJC_ISA_USAGE = YES_ERROR;
				CLANG_WARN_DOCUMENTATION_COMMENTS = YES;
				CLANG_WARN_EMPTY_BODY = YES;
				CLANG_WARN_ENUM_CONVERSION = YES;
				CLANG_WARN_INFINITE_RECURSION = YES;
				CLANG_WARN_INT_CONVERSION = YES;
				CLANG_WARN_NON_LITERAL_NULL_CONVERSION = YES;
				CLANG_WARN_OBJC_LITERAL_CONVERSION = YES;
				CLANG_WARN_OBJC_ROOT_CLASS = YES_ERROR;
				CLANG_WARN_RANGE_LOOP_ANALYSIS = YES;
				CLANG_WARN_STRICT_PROTOTYPES = YES;
				CLANG_WARN_SUSPICIOUS_MOVE = YES;
				CLANG_WARN_UNGUARDED_AVAILABILITY = YES_AGGRESSIVE;
				CLANG_WARN_UNREACHABLE_CODE = YES;
				CLANG_WARN__DUPLICATE_METHOD_MATCH = YES;
				CODE_SIGN_IDENTITY = "iPhone Developer";
				COPY_PHASE_STRIP = NO;
				DEBUG_INFORMATION_FORMAT = dwarf;
				ENABLE_STRICT_OBJC_MSGSEND = YES;
				ENABLE_TESTABILITY = YES;
				GCC_C_LANGUAGE_STANDARD = gnu11;
				GCC_DYNAMIC_NO_PIC = NO;
				GCC_NO_COMMON_BLOCKS = YES;
				GCC_OPTIMIZATION_LEVEL = 0;
				GCC_PREPROCESSOR_DEFINITIONS = (
					"DEBUG=1",
					"$(inherited)",
				);
				GCC_WARN_64_TO_32_BIT_CONVERSION = YES;
				GCC_WARN_ABOUT_RETURN_TYPE = YES_ERROR;
				GCC_WARN_UNDECLARED_SELECTOR = YES;
				GCC_WARN_UNINITIALIZED_AUTOS = YES_AGGRESSIVE;
				GCC_WARN_UNUSED_FUNCTION = YES;
				GCC_WARN_UNUSED_VARIABLE = YES;
				IPHONEOS_DEPLOYMENT_TARGET = 11.2;
				MTL_ENABLE_DEBUG_INFO = YES;
				ONLY_ACTIVE_ARCH = YES;
				SDKROOT = iphoneos;
				SWIFT_ACTIVE_COMPILATION_CONDITIONS = DEBUG;
				SWIFT_OPTIMIZATION_LEVEL = "-Onone";
			};
			name = Debug;
		};
		A33132A02048FF1B00ADE1BC /* Release */ = {
			isa = XCBuildConfiguration;
			buildSettings = {
				ALWAYS_SEARCH_USER_PATHS = NO;
				CLANG_ANALYZER_NONNULL = YES;
				CLANG_ANALYZER_NUMBER_OBJECT_CONVERSION = YES_AGGRESSIVE;
				CLANG_CXX_LANGUAGE_STANDARD = "gnu++14";
				CLANG_CXX_LIBRARY = "libc++";
				CLANG_ENABLE_MODULES = YES;
				CLANG_ENABLE_OBJC_ARC = YES;
				CLANG_WARN_BLOCK_CAPTURE_AUTORELEASING = YES;
				CLANG_WARN_BOOL_CONVERSION = YES;
				CLANG_WARN_COMMA = YES;
				CLANG_WARN_CONSTANT_CONVERSION = YES;
				CLANG_WARN_DIRECT_OBJC_ISA_USAGE = YES_ERROR;
				CLANG_WARN_DOCUMENTATION_COMMENTS = YES;
				CLANG_WARN_EMPTY_BODY = YES;
				CLANG_WARN_ENUM_CONVERSION = YES;
				CLANG_WARN_INFINITE_RECURSION = YES;
				CLANG_WARN_INT_CONVERSION = YES;
				CLANG_WARN_NON_LITERAL_NULL_CONVERSION = YES;
				CLANG_WARN_OBJC_LITERAL_CONVERSION = YES;
				CLANG_WARN_OBJC_ROOT_CLASS = YES_ERROR;
				CLANG_WARN_RANGE_LOOP_ANALYSIS = YES;
				CLANG_WARN_STRICT_PROTOTYPES = YES;
				CLANG_WARN_SUSPICIOUS_MOVE = YES;
				CLANG_WARN_UNGUARDED_AVAILABILITY = YES_AGGRESSIVE;
				CLANG_WARN_UNREACHABLE_CODE = YES;
				CLANG_WARN__DUPLICATE_METHOD_MATCH = YES;
				CODE_SIGN_IDENTITY = "iPhone Developer";
				COPY_PHASE_STRIP = NO;
				DEBUG_INFORMATION_FORMAT = "dwarf-with-dsym";
				ENABLE_NS_ASSERTIONS = NO;
				ENABLE_STRICT_OBJC_MSGSEND = YES;
				GCC_C_LANGUAGE_STANDARD = gnu11;
				GCC_NO_COMMON_BLOCKS = YES;
				GCC_WARN_64_TO_32_BIT_CONVERSION = YES;
				GCC_WARN_ABOUT_RETURN_TYPE = YES_ERROR;
				GCC_WARN_UNDECLARED_SELECTOR = YES;
				GCC_WARN_UNINITIALIZED_AUTOS = YES_AGGRESSIVE;
				GCC_WARN_UNUSED_FUNCTION = YES;
				GCC_WARN_UNUSED_VARIABLE = YES;
				IPHONEOS_DEPLOYMENT_TARGET = 11.2;
				MTL_ENABLE_DEBUG_INFO = NO;
				SDKROOT = iphoneos;
				SWIFT_OPTIMIZATION_LEVEL = "-Owholemodule";
				VALIDATE_PRODUCT = YES;
			};
			name = Release;
		};
		A33132A22048FF1B00ADE1BC /* Debug */ = {
			isa = XCBuildConfiguration;
			buildSettings = {
				ASSETCATALOG_COMPILER_APPICON_NAME = AppIcon;
				CODE_SIGN_STYLE = Automatic;
				INFOPLIST_FILE = GitHubSearch/Info.plist;
				LD_RUNPATH_SEARCH_PATHS = "$(inherited) @executable_path/Frameworks";
				PRODUCT_BUNDLE_IDENTIFIER = com.yutaSanada.GitHubSearch;
				PRODUCT_NAME = "$(TARGET_NAME)";
				SWIFT_VERSION = 4.0;
				TARGETED_DEVICE_FAMILY = "1,2";
			};
			name = Debug;
		};
		A33132A32048FF1B00ADE1BC /* Release */ = {
			isa = XCBuildConfiguration;
			buildSettings = {
				ASSETCATALOG_COMPILER_APPICON_NAME = AppIcon;
				CODE_SIGN_STYLE = Automatic;
				INFOPLIST_FILE = GitHubSearch/Info.plist;
				LD_RUNPATH_SEARCH_PATHS = "$(inherited) @executable_path/Frameworks";
				PRODUCT_BUNDLE_IDENTIFIER = com.yutaSanada.GitHubSearch;
				PRODUCT_NAME = "$(TARGET_NAME)";
				SWIFT_VERSION = 4.0;
				TARGETED_DEVICE_FAMILY = "1,2";
			};
			name = Release;
		};
		A33132A52048FF1B00ADE1BC /* Debug */ = {
			isa = XCBuildConfiguration;
			buildSettings = {
				ALWAYS_EMBED_SWIFT_STANDARD_LIBRARIES = YES;
				BUNDLE_LOADER = "$(TEST_HOST)";
				CODE_SIGN_STYLE = Automatic;
				INFOPLIST_FILE = GitHubSearchTests/Info.plist;
				LD_RUNPATH_SEARCH_PATHS = "$(inherited) @executable_path/Frameworks @loader_path/Frameworks";
				PRODUCT_BUNDLE_IDENTIFIER = com.yutaSanada.GitHubSearchTests;
				PRODUCT_NAME = "$(TARGET_NAME)";
				SWIFT_VERSION = 4.0;
				TARGETED_DEVICE_FAMILY = "1,2";
				TEST_HOST = "$(BUILT_PRODUCTS_DIR)/GitHubSearch.app/GitHubSearch";
			};
			name = Debug;
		};
		A33132A62048FF1B00ADE1BC /* Release */ = {
			isa = XCBuildConfiguration;
			buildSettings = {
				ALWAYS_EMBED_SWIFT_STANDARD_LIBRARIES = YES;
				BUNDLE_LOADER = "$(TEST_HOST)";
				CODE_SIGN_STYLE = Automatic;
				INFOPLIST_FILE = GitHubSearchTests/Info.plist;
				LD_RUNPATH_SEARCH_PATHS = "$(inherited) @executable_path/Frameworks @loader_path/Frameworks";
				PRODUCT_BUNDLE_IDENTIFIER = com.yutaSanada.GitHubSearchTests;
				PRODUCT_NAME = "$(TARGET_NAME)";
				SWIFT_VERSION = 4.0;
				TARGETED_DEVICE_FAMILY = "1,2";
				TEST_HOST = "$(BUILT_PRODUCTS_DIR)/GitHubSearch.app/GitHubSearch";
			};
			name = Release;
		};
		A33132A82048FF1B00ADE1BC /* Debug */ = {
			isa = XCBuildConfiguration;
			buildSettings = {
				ALWAYS_EMBED_SWIFT_STANDARD_LIBRARIES = YES;
				CODE_SIGN_STYLE = Automatic;
				INFOPLIST_FILE = GitHubSearchUITests/Info.plist;
				LD_RUNPATH_SEARCH_PATHS = "$(inherited) @executable_path/Frameworks @loader_path/Frameworks";
				PRODUCT_BUNDLE_IDENTIFIER = com.yutaSanada.GitHubSearchUITests;
				PRODUCT_NAME = "$(TARGET_NAME)";
				SWIFT_VERSION = 4.0;
				TARGETED_DEVICE_FAMILY = "1,2";
				TEST_TARGET_NAME = GitHubSearch;
			};
			name = Debug;
		};
		A33132A92048FF1B00ADE1BC /* Release */ = {
			isa = XCBuildConfiguration;
			buildSettings = {
				ALWAYS_EMBED_SWIFT_STANDARD_LIBRARIES = YES;
				CODE_SIGN_STYLE = Automatic;
				INFOPLIST_FILE = GitHubSearchUITests/Info.plist;
				LD_RUNPATH_SEARCH_PATHS = "$(inherited) @executable_path/Frameworks @loader_path/Frameworks";
				PRODUCT_BUNDLE_IDENTIFIER = com.yutaSanada.GitHubSearchUITests;
				PRODUCT_NAME = "$(TARGET_NAME)";
				SWIFT_VERSION = 4.0;
				TARGETED_DEVICE_FAMILY = "1,2";
				TEST_TARGET_NAME = GitHubSearch;
			};
			name = Release;
		};
/* End XCBuildConfiguration section */

/* Begin XCConfigurationList section */
		A33132722048FF1B00ADE1BC /* Build configuration list for PBXProject "GitHubSearch" */ = {
			isa = XCConfigurationList;
			buildConfigurations = (
				A331329F2048FF1B00ADE1BC /* Debug */,
				A33132A02048FF1B00ADE1BC /* Release */,
			);
			defaultConfigurationIsVisible = 0;
			defaultConfigurationName = Release;
		};
		A33132A12048FF1B00ADE1BC /* Build configuration list for PBXNativeTarget "GitHubSearch" */ = {
			isa = XCConfigurationList;
			buildConfigurations = (
				A33132A22048FF1B00ADE1BC /* Debug */,
				A33132A32048FF1B00ADE1BC /* Release */,
			);
			defaultConfigurationIsVisible = 0;
			defaultConfigurationName = Release;
		};
		A33132A42048FF1B00ADE1BC /* Build configuration list for PBXNativeTarget "GitHubSearchTests" */ = {
			isa = XCConfigurationList;
			buildConfigurations = (
				A33132A52048FF1B00ADE1BC /* Debug */,
				A33132A62048FF1B00ADE1BC /* Release */,
			);
			defaultConfigurationIsVisible = 0;
			defaultConfigurationName = Release;
		};
		A33132A72048FF1B00ADE1BC /* Build configuration list for PBXNativeTarget "GitHubSearchUITests" */ = {
			isa = XCConfigurationList;
			buildConfigurations = (
				A33132A82048FF1B00ADE1BC /* Debug */,
				A33132A92048FF1B00ADE1BC /* Release */,
			);
			defaultConfigurationIsVisible = 0;
			defaultConfigurationName = Release;
		};
/* End XCConfigurationList section */
	};
	rootObject = A331326F2048FF1B00ADE1BC /* Project object */;
}
