// !$*UTF8*$!
{
	archiveVersion = 1;
	classes = {
	};
	objectVersion = 48;
	objects = {

/* Begin PBXBuildFile section */
		A3829CCE1FFDF6900016AFA0 /* AppDelegate.swift in Sources */ = {isa = PBXBuildFile; fileRef = A3829CCD1FFDF6900016AFA0 /* AppDelegate.swift */; };
		A3829CD31FFDF6900016AFA0 /* Main.storyboard in Resources */ = {isa = PBXBuildFile; fileRef = A3829CD11FFDF6900016AFA0 /* Main.storyboard */; };
		A3829CD51FFDF6900016AFA0 /* Assets.xcassets in Resources */ = {isa = PBXBuildFile; fileRef = A3829CD41FFDF6900016AFA0 /* Assets.xcassets */; };
		A3829CD81FFDF6900016AFA0 /* LaunchScreen.storyboard in Resources */ = {isa = PBXBuildFile; fileRef = A3829CD61FFDF6900016AFA0 /* LaunchScreen.storyboard */; };
		A3829CE31FFDF6900016AFA0 /* MyMemoAppTests.swift in Sources */ = {isa = PBXBuildFile; fileRef = A3829CE21FFDF6900016AFA0 /* MyMemoAppTests.swift */; };
		A3829CEE1FFDF6900016AFA0 /* MyMemoAppUITests.swift in Sources */ = {isa = PBXBuildFile; fileRef = A3829CED1FFDF6900016AFA0 /* MyMemoAppUITests.swift */; };
		A3829CFC1FFDF8330016AFA0 /* MemoTableViewController.swift in Sources */ = {isa = PBXBuildFile; fileRef = A3829CFB1FFDF8330016AFA0 /* MemoTableViewController.swift */; };
		A3829D041FFE1CCF0016AFA0 /* MemoViewController.swift in Sources */ = {isa = PBXBuildFile; fileRef = A3829D031FFE1CCF0016AFA0 /* MemoViewController.swift */; };
/* End PBXBuildFile section */

/* Begin PBXContainerItemProxy section */
		A3829CDF1FFDF6900016AFA0 /* PBXContainerItemProxy */ = {
			isa = PBXContainerItemProxy;
			containerPortal = A3829CC21FFDF6900016AFA0 /* Project object */;
			proxyType = 1;
			remoteGlobalIDString = A3829CC91FFDF6900016AFA0;
			remoteInfo = MyMemoApp;
		};
		A3829CEA1FFDF6900016AFA0 /* PBXContainerItemProxy */ = {
			isa = PBXContainerItemProxy;
			containerPortal = A3829CC21FFDF6900016AFA0 /* Project object */;
			proxyType = 1;
			remoteGlobalIDString = A3829CC91FFDF6900016AFA0;
			remoteInfo = MyMemoApp;
		};
/* End PBXContainerItemProxy section */

/* Begin PBXFileReference section */
		A3829CCA1FFDF6900016AFA0 /* MyMemoApp.app */ = {isa = PBXFileReference; explicitFileType = wrapper.application; includeInIndex = 0; path = MyMemoApp.app; sourceTree = BUILT_PRODUCTS_DIR; };
		A3829CCD1FFDF6900016AFA0 /* AppDelegate.swift */ = {isa = PBXFileReference; lastKnownFileType = sourcecode.swift; path = AppDelegate.swift; sourceTree = "<group>"; };
		A3829CD21FFDF6900016AFA0 /* Base */ = {isa = PBXFileReference; lastKnownFileType = file.storyboard; name = Base; path = Base.lproj/Main.storyboard; sourceTree = "<group>"; };
		A3829CD41FFDF6900016AFA0 /* Assets.xcassets */ = {isa = PBXFileReference; lastKnownFileType = folder.assetcatalog; path = Assets.xcassets; sourceTree = "<group>"; };
		A3829CD71FFDF6900016AFA0 /* Base */ = {isa = PBXFileReference; lastKnownFileType = file.storyboard; name = Base; path = Base.lproj/LaunchScreen.storyboard; sourceTree = "<group>"; };
		A3829CD91FFDF6900016AFA0 /* Info.plist */ = {isa = PBXFileReference; lastKnownFileType = text.plist.xml; path = Info.plist; sourceTree = "<group>"; };
		A3829CDE1FFDF6900016AFA0 /* MyMemoAppTests.xctest */ = {isa = PBXFileReference; explicitFileType = wrapper.cfbundle; includeInIndex = 0; path = MyMemoAppTests.xctest; sourceTree = BUILT_PRODUCTS_DIR; };
		A3829CE21FFDF6900016AFA0 /* MyMemoAppTests.swift */ = {isa = PBXFileReference; lastKnownFileType = sourcecode.swift; path = MyMemoAppTests.swift; sourceTree = "<group>"; };
		A3829CE41FFDF6900016AFA0 /* Info.plist */ = {isa = PBXFileReference; lastKnownFileType = text.plist.xml; path = Info.plist; sourceTree = "<group>"; };
		A3829CE91FFDF6900016AFA0 /* MyMemoAppUITests.xctest */ = {isa = PBXFileReference; explicitFileType = wrapper.cfbundle; includeInIndex = 0; path = MyMemoAppUITests.xctest; sourceTree = BUILT_PRODUCTS_DIR; };
		A3829CED1FFDF6900016AFA0 /* MyMemoAppUITests.swift */ = {isa = PBXFileReference; lastKnownFileType = sourcecode.swift; path = MyMemoAppUITests.swift; sourceTree = "<group>"; };
		A3829CEF1FFDF6900016AFA0 /* Info.plist */ = {isa = PBXFileReference; lastKnownFileType = text.plist.xml; path = Info.plist; sourceTree = "<group>"; };
		A3829CFB1FFDF8330016AFA0 /* MemoTableViewController.swift */ = {isa = PBXFileReference; lastKnownFileType = sourcecode.swift; path = MemoTableViewController.swift; sourceTree = "<group>"; };
		A3829D031FFE1CCF0016AFA0 /* MemoViewController.swift */ = {isa = PBXFileReference; lastKnownFileType = sourcecode.swift; path = MemoViewController.swift; sourceTree = "<group>"; };
/* End PBXFileReference section */

/* Begin PBXFrameworksBuildPhase section */
		A3829CC71FFDF6900016AFA0 /* Frameworks */ = {
			isa = PBXFrameworksBuildPhase;
			buildActionMask = 2147483647;
			files = (
			);
			runOnlyForDeploymentPostprocessing = 0;
		};
		A3829CDB1FFDF6900016AFA0 /* Frameworks */ = {
			isa = PBXFrameworksBuildPhase;
			buildActionMask = 2147483647;
			files = (
			);
			runOnlyForDeploymentPostprocessing = 0;
		};
		A3829CE61FFDF6900016AFA0 /* Frameworks */ = {
			isa = PBXFrameworksBuildPhase;
			buildActionMask = 2147483647;
			files = (
			);
			runOnlyForDeploymentPostprocessing = 0;
		};
/* End PBXFrameworksBuildPhase section */

/* Begin PBXGroup section */
		A3829CC11FFDF6900016AFA0 = {
			isa = PBXGroup;
			children = (
				A3829CCC1FFDF6900016AFA0 /* MyMemoApp */,
				A3829CE11FFDF6900016AFA0 /* MyMemoAppTests */,
				A3829CEC1FFDF6900016AFA0 /* MyMemoAppUITests */,
				A3829CCB1FFDF6900016AFA0 /* Products */,
			);
			sourceTree = "<group>";
		};
		A3829CCB1FFDF6900016AFA0 /* Products */ = {
			isa = PBXGroup;
			children = (
				A3829CCA1FFDF6900016AFA0 /* MyMemoApp.app */,
				A3829CDE1FFDF6900016AFA0 /* MyMemoAppTests.xctest */,
				A3829CE91FFDF6900016AFA0 /* MyMemoAppUITests.xctest */,
			);
			name = Products;
			sourceTree = "<group>";
		};
		A3829CCC1FFDF6900016AFA0 /* MyMemoApp */ = {
			isa = PBXGroup;
			children = (
				A3829CCD1FFDF6900016AFA0 /* AppDelegate.swift */,
				A3829D031FFE1CCF0016AFA0 /* MemoViewController.swift */,
				A3829CD11FFDF6900016AFA0 /* Main.storyboard */,
				A3829CFB1FFDF8330016AFA0 /* MemoTableViewController.swift */,
				A3829CD41FFDF6900016AFA0 /* Assets.xcassets */,
				A3829CD61FFDF6900016AFA0 /* LaunchScreen.storyboard */,
				A3829CD91FFDF6900016AFA0 /* Info.plist */,
			);
			path = MyMemoApp;
			sourceTree = "<group>";
		};
		A3829CE11FFDF6900016AFA0 /* MyMemoAppTests */ = {
			isa = PBXGroup;
			children = (
				A3829CE21FFDF6900016AFA0 /* MyMemoAppTests.swift */,
				A3829CE41FFDF6900016AFA0 /* Info.plist */,
			);
			path = MyMemoAppTests;
			sourceTree = "<group>";
		};
		A3829CEC1FFDF6900016AFA0 /* MyMemoAppUITests */ = {
			isa = PBXGroup;
			children = (
				A3829CED1FFDF6900016AFA0 /* MyMemoAppUITests.swift */,
				A3829CEF1FFDF6900016AFA0 /* Info.plist */,
			);
			path = MyMemoAppUITests;
			sourceTree = "<group>";
		};
/* End PBXGroup section */

/* Begin PBXNativeTarget section */
		A3829CC91FFDF6900016AFA0 /* MyMemoApp */ = {
			isa = PBXNativeTarget;
			buildConfigurationList = A3829CF21FFDF6900016AFA0 /* Build configuration list for PBXNativeTarget "MyMemoApp" */;
			buildPhases = (
				A3829CC61FFDF6900016AFA0 /* Sources */,
				A3829CC71FFDF6900016AFA0 /* Frameworks */,
				A3829CC81FFDF6900016AFA0 /* Resources */,
			);
			buildRules = (
			);
			dependencies = (
			);
			name = MyMemoApp;
			productName = MyMemoApp;
			productReference = A3829CCA1FFDF6900016AFA0 /* MyMemoApp.app */;
			productType = "com.apple.product-type.application";
		};
		A3829CDD1FFDF6900016AFA0 /* MyMemoAppTests */ = {
			isa = PBXNativeTarget;
			buildConfigurationList = A3829CF51FFDF6900016AFA0 /* Build configuration list for PBXNativeTarget "MyMemoAppTests" */;
			buildPhases = (
				A3829CDA1FFDF6900016AFA0 /* Sources */,
				A3829CDB1FFDF6900016AFA0 /* Frameworks */,
				A3829CDC1FFDF6900016AFA0 /* Resources */,
			);
			buildRules = (
			);
			dependencies = (
				A3829CE01FFDF6900016AFA0 /* PBXTargetDependency */,
			);
			name = MyMemoAppTests;
			productName = MyMemoAppTests;
			productReference = A3829CDE1FFDF6900016AFA0 /* MyMemoAppTests.xctest */;
			productType = "com.apple.product-type.bundle.unit-test";
		};
		A3829CE81FFDF6900016AFA0 /* MyMemoAppUITests */ = {
			isa = PBXNativeTarget;
			buildConfigurationList = A3829CF81FFDF6900016AFA0 /* Build configuration list for PBXNativeTarget "MyMemoAppUITests" */;
			buildPhases = (
				A3829CE51FFDF6900016AFA0 /* Sources */,
				A3829CE61FFDF6900016AFA0 /* Frameworks */,
				A3829CE71FFDF6900016AFA0 /* Resources */,
			);
			buildRules = (
			);
			dependencies = (
				A3829CEB1FFDF6900016AFA0 /* PBXTargetDependency */,
			);
			name = MyMemoAppUITests;
			productName = MyMemoAppUITests;
			productReference = A3829CE91FFDF6900016AFA0 /* MyMemoAppUITests.xctest */;
			productType = "com.apple.product-type.bundle.ui-testing";
		};
/* End PBXNativeTarget section */

/* Begin PBXProject section */
		A3829CC21FFDF6900016AFA0 /* Project object */ = {
			isa = PBXProject;
			attributes = {
				LastSwiftUpdateCheck = 0920;
				LastUpgradeCheck = 0920;
				ORGANIZATIONNAME = yutaSanada;
				TargetAttributes = {
					A3829CC91FFDF6900016AFA0 = {
						CreatedOnToolsVersion = 9.2;
						ProvisioningStyle = Manual;
					};
					A3829CDD1FFDF6900016AFA0 = {
						CreatedOnToolsVersion = 9.2;
						ProvisioningStyle = Automatic;
						TestTargetID = A3829CC91FFDF6900016AFA0;
					};
					A3829CE81FFDF6900016AFA0 = {
						CreatedOnToolsVersion = 9.2;
						ProvisioningStyle = Automatic;
						TestTargetID = A3829CC91FFDF6900016AFA0;
					};
				};
			};
			buildConfigurationList = A3829CC51FFDF6900016AFA0 /* Build configuration list for PBXProject "MyMemoApp" */;
			compatibilityVersion = "Xcode 8.0";
			developmentRegion = en;
			hasScannedForEncodings = 0;
			knownRegions = (
				en,
				Base,
			);
			mainGroup = A3829CC11FFDF6900016AFA0;
			productRefGroup = A3829CCB1FFDF6900016AFA0 /* Products */;
			projectDirPath = "";
			projectRoot = "";
			targets = (
				A3829CC91FFDF6900016AFA0 /* MyMemoApp */,
				A3829CDD1FFDF6900016AFA0 /* MyMemoAppTests */,
				A3829CE81FFDF6900016AFA0 /* MyMemoAppUITests */,
			);
		};
/* End PBXProject section */

/* Begin PBXResourcesBuildPhase section */
		A3829CC81FFDF6900016AFA0 /* Resources */ = {
			isa = PBXResourcesBuildPhase;
			buildActionMask = 2147483647;
			files = (
				A3829CD81FFDF6900016AFA0 /* LaunchScreen.storyboard in Resources */,
				A3829CD51FFDF6900016AFA0 /* Assets.xcassets in Resources */,
				A3829CD31FFDF6900016AFA0 /* Main.storyboard in Resources */,
			);
			runOnlyForDeploymentPostprocessing = 0;
		};
		A3829CDC1FFDF6900016AFA0 /* Resources */ = {
			isa = PBXResourcesBuildPhase;
			buildActionMask = 2147483647;
			files = (
			);
			runOnlyForDeploymentPostprocessing = 0;
		};
		A3829CE71FFDF6900016AFA0 /* Resources */ = {
			isa = PBXResourcesBuildPhase;
			buildActionMask = 2147483647;
			files = (
			);
			runOnlyForDeploymentPostprocessing = 0;
		};
/* End PBXResourcesBuildPhase section */

/* Begin PBXSourcesBuildPhase section */
		A3829CC61FFDF6900016AFA0 /* Sources */ = {
			isa = PBXSourcesBuildPhase;
			buildActionMask = 2147483647;
			files = (
				A3829CCE1FFDF6900016AFA0 /* AppDelegate.swift in Sources */,
				A3829CFC1FFDF8330016AFA0 /* MemoTableViewController.swift in Sources */,
				A3829D041FFE1CCF0016AFA0 /* MemoViewController.swift in Sources */,
			);
			runOnlyForDeploymentPostprocessing = 0;
		};
		A3829CDA1FFDF6900016AFA0 /* Sources */ = {
			isa = PBXSourcesBuildPhase;
			buildActionMask = 2147483647;
			files = (
				A3829CE31FFDF6900016AFA0 /* MyMemoAppTests.swift in Sources */,
			);
			runOnlyForDeploymentPostprocessing = 0;
		};
		A3829CE51FFDF6900016AFA0 /* Sources */ = {
			isa = PBXSourcesBuildPhase;
			buildActionMask = 2147483647;
			files = (
				A3829CEE1FFDF6900016AFA0 /* MyMemoAppUITests.swift in Sources */,
			);
			runOnlyForDeploymentPostprocessing = 0;
		};
/* End PBXSourcesBuildPhase section */

/* Begin PBXTargetDependency section */
		A3829CE01FFDF6900016AFA0 /* PBXTargetDependency */ = {
			isa = PBXTargetDependency;
			target = A3829CC91FFDF6900016AFA0 /* MyMemoApp */;
			targetProxy = A3829CDF1FFDF6900016AFA0 /* PBXContainerItemProxy */;
		};
		A3829CEB1FFDF6900016AFA0 /* PBXTargetDependency */ = {
			isa = PBXTargetDependency;
			target = A3829CC91FFDF6900016AFA0 /* MyMemoApp */;
			targetProxy = A3829CEA1FFDF6900016AFA0 /* PBXContainerItemProxy */;
		};
/* End PBXTargetDependency section */

/* Begin PBXVariantGroup section */
		A3829CD11FFDF6900016AFA0 /* Main.storyboard */ = {
			isa = PBXVariantGroup;
			children = (
				A3829CD21FFDF6900016AFA0 /* Base */,
			);
			name = Main.storyboard;
			sourceTree = "<group>";
		};
		A3829CD61FFDF6900016AFA0 /* LaunchScreen.storyboard */ = {
			isa = PBXVariantGroup;
			children = (
				A3829CD71FFDF6900016AFA0 /* Base */,
			);
			name = LaunchScreen.storyboard;
			sourceTree = "<group>";
		};
/* End PBXVariantGroup section */

/* Begin XCBuildConfiguration section */
		A3829CF01FFDF6900016AFA0 /* Debug */ = {
			isa = XCBuildConfiguration;
			buildSettings = {
				ALWAYS_SEARCH_USER_PATHS = NO;
				CLANG_ANALYZER_NONNULL = YES;
				CLANG_ANALYZER_NUMBER_OBJECT_CONVERSION = YES_AGGRESSIVE;
				CLANG_CXX_LANGUAGE_STANDARD = "gnu++14";
				CLANG_CXX_LIBRARY = "libc++";
				CLANG_ENABLE_MODULES = YES;
				CLANG_ENABLE_OBJC_ARC = YES;
				CLANG_WARN_BLOCK_CAPTURE_AUTORELEASING = YES;
				CLANG_WARN_BOOL_CONVERSION = YES;
				CLANG_WARN_COMMA = YES;
				CLANG_WARN_CONSTANT_CONVERSION = YES;
				CLANG_WARN_DIRECT_OBJC_ISA_USAGE = YES_ERROR;
				CLANG_WARN_DOCUMENTATION_COMMENTS = YES;
				CLANG_WARN_EMPTY_BODY = YES;
				CLANG_WARN_ENUM_CONVERSION = YES;
				CLANG_WARN_INFINITE_RECURSION = YES;
				CLANG_WARN_INT_CONVERSION = YES;
				CLANG_WARN_NON_LITERAL_NULL_CONVERSION = YES;
				CLANG_WARN_OBJC_LITERAL_CONVERSION = YES;
				CLANG_WARN_OBJC_ROOT_CLASS = YES_ERROR;
				CLANG_WARN_RANGE_LOOP_ANALYSIS = YES;
				CLANG_WARN_STRICT_PROTOTYPES = YES;
				CLANG_WARN_SUSPICIOUS_MOVE = YES;
				CLANG_WARN_UNGUARDED_AVAILABILITY = YES_AGGRESSIVE;
				CLANG_WARN_UNREACHABLE_CODE = YES;
				CLANG_WARN__DUPLICATE_METHOD_MATCH = YES;
				CODE_SIGN_IDENTITY = "iPhone Developer";
				COPY_PHASE_STRIP = NO;
				DEBUG_INFORMATION_FORMAT = dwarf;
				ENABLE_STRICT_OBJC_MSGSEND = YES;
				ENABLE_TESTABILITY = YES;
				GCC_C_LANGUAGE_STANDARD = gnu11;
				GCC_DYNAMIC_NO_PIC = NO;
				GCC_NO_COMMON_BLOCKS = YES;
				GCC_OPTIMIZATION_LEVEL = 0;
				GCC_PREPROCESSOR_DEFINITIONS = (
					"DEBUG=1",
					"$(inherited)",
				);
				GCC_WARN_64_TO_32_BIT_CONVERSION = YES;
				GCC_WARN_ABOUT_RETURN_TYPE = YES_ERROR;
				GCC_WARN_UNDECLARED_SELECTOR = YES;
				GCC_WARN_UNINITIALIZED_AUTOS = YES_AGGRESSIVE;
				GCC_WARN_UNUSED_FUNCTION = YES;
				GCC_WARN_UNUSED_VARIABLE = YES;
				IPHONEOS_DEPLOYMENT_TARGET = 11.2;
				MTL_ENABLE_DEBUG_INFO = YES;
				ONLY_ACTIVE_ARCH = YES;
				SDKROOT = iphoneos;
				SWIFT_ACTIVE_COMPILATION_CONDITIONS = DEBUG;
				SWIFT_OPTIMIZATION_LEVEL = "-Onone";
			};
			name = Debug;
		};
		A3829CF11FFDF6900016AFA0 /* Release */ = {
			isa = XCBuildConfiguration;
			buildSettings = {
				ALWAYS_SEARCH_USER_PATHS = NO;
				CLANG_ANALYZER_NONNULL = YES;
				CLANG_ANALYZER_NUMBER_OBJECT_CONVERSION = YES_AGGRESSIVE;
				CLANG_CXX_LANGUAGE_STANDARD = "gnu++14";
				CLANG_CXX_LIBRARY = "libc++";
				CLANG_ENABLE_MODULES = YES;
				CLANG_ENABLE_OBJC_ARC = YES;
				CLANG_WARN_BLOCK_CAPTURE_AUTORELEASING = YES;
				CLANG_WARN_BOOL_CONVERSION = YES;
				CLANG_WARN_COMMA = YES;
				CLANG_WARN_CONSTANT_CONVERSION = YES;
				CLANG_WARN_DIRECT_OBJC_ISA_USAGE = YES_ERROR;
				CLANG_WARN_DOCUMENTATION_COMMENTS = YES;
				CLANG_WARN_EMPTY_BODY = YES;
				CLANG_WARN_ENUM_CONVERSION = YES;
				CLANG_WARN_INFINITE_RECURSION = YES;
				CLANG_WARN_INT_CONVERSION = YES;
				CLANG_WARN_NON_LITERAL_NULL_CONVERSION = YES;
				CLANG_WARN_OBJC_LITERAL_CONVERSION = YES;
				CLANG_WARN_OBJC_ROOT_CLASS = YES_ERROR;
				CLANG_WARN_RANGE_LOOP_ANALYSIS = YES;
				CLANG_WARN_STRICT_PROTOTYPES = YES;
				CLANG_WARN_SUSPICIOUS_MOVE = YES;
				CLANG_WARN_UNGUARDED_AVAILABILITY = YES_AGGRESSIVE;
				CLANG_WARN_UNREACHABLE_CODE = YES;
				CLANG_WARN__DUPLICATE_METHOD_MATCH = YES;
				CODE_SIGN_IDENTITY = "iPhone Developer";
				COPY_PHASE_STRIP = NO;
				DEBUG_INFORMATION_FORMAT = "dwarf-with-dsym";
				ENABLE_NS_ASSERTIONS = NO;
				ENABLE_STRICT_OBJC_MSGSEND = YES;
				GCC_C_LANGUAGE_STANDARD = gnu11;
				GCC_NO_COMMON_BLOCKS = YES;
				GCC_WARN_64_TO_32_BIT_CONVERSION = YES;
				GCC_WARN_ABOUT_RETURN_TYPE = YES_ERROR;
				GCC_WARN_UNDECLARED_SELECTOR = YES;
				GCC_WARN_UNINITIALIZED_AUTOS = YES_AGGRESSIVE;
				GCC_WARN_UNUSED_FUNCTION = YES;
				GCC_WARN_UNUSED_VARIABLE = YES;
				IPHONEOS_DEPLOYMENT_TARGET = 11.2;
				MTL_ENABLE_DEBUG_INFO = NO;
				SDKROOT = iphoneos;
				SWIFT_OPTIMIZATION_LEVEL = "-Owholemodule";
				VALIDATE_PRODUCT = YES;
			};
			name = Release;
		};
		A3829CF31FFDF6900016AFA0 /* Debug */ = {
			isa = XCBuildConfiguration;
			buildSettings = {
				ASSETCATALOG_COMPILER_APPICON_NAME = AppIcon;
				CODE_SIGN_STYLE = Manual;
				DEVELOPMENT_TEAM = "";
				INFOPLIST_FILE = MyMemoApp/Info.plist;
				LD_RUNPATH_SEARCH_PATHS = "$(inherited) @executable_path/Frameworks";
				PRODUCT_BUNDLE_IDENTIFIER = com.yutaSanada.MyMemoApp;
				PRODUCT_NAME = "$(TARGET_NAME)";
				PROVISIONING_PROFILE_SPECIFIER = "";
				SWIFT_VERSION = 4.0;
				TARGETED_DEVICE_FAMILY = "1,2";
			};
			name = Debug;
		};
		A3829CF41FFDF6900016AFA0 /* Release */ = {
			isa = XCBuildConfiguration;
			buildSettings = {
				ASSETCATALOG_COMPILER_APPICON_NAME = AppIcon;
				CODE_SIGN_STYLE = Manual;
				DEVELOPMENT_TEAM = "";
				INFOPLIST_FILE = MyMemoApp/Info.plist;
				LD_RUNPATH_SEARCH_PATHS = "$(inherited) @executable_path/Frameworks";
				PRODUCT_BUNDLE_IDENTIFIER = com.yutaSanada.MyMemoApp;
				PRODUCT_NAME = "$(TARGET_NAME)";
				PROVISIONING_PROFILE_SPECIFIER = "";
				SWIFT_VERSION = 4.0;
				TARGETED_DEVICE_FAMILY = "1,2";
			};
			name = Release;
		};
		A3829CF61FFDF6900016AFA0 /* Debug */ = {
			isa = XCBuildConfiguration;
			buildSettings = {
				ALWAYS_EMBED_SWIFT_STANDARD_LIBRARIES = YES;
				BUNDLE_LOADER = "$(TEST_HOST)";
				CODE_SIGN_STYLE = Automatic;
				INFOPLIST_FILE = MyMemoAppTests/Info.plist;
				LD_RUNPATH_SEARCH_PATHS = "$(inherited) @executable_path/Frameworks @loader_path/Frameworks";
				PRODUCT_BUNDLE_IDENTIFIER = com.yutaSanada.MyMemoAppTests;
				PRODUCT_NAME = "$(TARGET_NAME)";
				SWIFT_VERSION = 4.0;
				TARGETED_DEVICE_FAMILY = "1,2";
				TEST_HOST = "$(BUILT_PRODUCTS_DIR)/MyMemoApp.app/MyMemoApp";
			};
			name = Debug;
		};
		A3829CF71FFDF6900016AFA0 /* Release */ = {
			isa = XCBuildConfiguration;
			buildSettings = {
				ALWAYS_EMBED_SWIFT_STANDARD_LIBRARIES = YES;
				BUNDLE_LOADER = "$(TEST_HOST)";
				CODE_SIGN_STYLE = Automatic;
				INFOPLIST_FILE = MyMemoAppTests/Info.plist;
				LD_RUNPATH_SEARCH_PATHS = "$(inherited) @executable_path/Frameworks @loader_path/Frameworks";
				PRODUCT_BUNDLE_IDENTIFIER = com.yutaSanada.MyMemoAppTests;
				PRODUCT_NAME = "$(TARGET_NAME)";
				SWIFT_VERSION = 4.0;
				TARGETED_DEVICE_FAMILY = "1,2";
				TEST_HOST = "$(BUILT_PRODUCTS_DIR)/MyMemoApp.app/MyMemoApp";
			};
			name = Release;
		};
		A3829CF91FFDF6900016AFA0 /* Debug */ = {
			isa = XCBuildConfiguration;
			buildSettings = {
				ALWAYS_EMBED_SWIFT_STANDARD_LIBRARIES = YES;
				CODE_SIGN_STYLE = Automatic;
				INFOPLIST_FILE = MyMemoAppUITests/Info.plist;
				LD_RUNPATH_SEARCH_PATHS = "$(inherited) @executable_path/Frameworks @loader_path/Frameworks";
				PRODUCT_BUNDLE_IDENTIFIER = com.yutaSanada.MyMemoAppUITests;
				PRODUCT_NAME = "$(TARGET_NAME)";
				SWIFT_VERSION = 4.0;
				TARGETED_DEVICE_FAMILY = "1,2";
				TEST_TARGET_NAME = MyMemoApp;
			};
			name = Debug;
		};
		A3829CFA1FFDF6900016AFA0 /* Release */ = {
			isa = XCBuildConfiguration;
			buildSettings = {
				ALWAYS_EMBED_SWIFT_STANDARD_LIBRARIES = YES;
				CODE_SIGN_STYLE = Automatic;
				INFOPLIST_FILE = MyMemoAppUITests/Info.plist;
				LD_RUNPATH_SEARCH_PATHS = "$(inherited) @executable_path/Frameworks @loader_path/Frameworks";
				PRODUCT_BUNDLE_IDENTIFIER = com.yutaSanada.MyMemoAppUITests;
				PRODUCT_NAME = "$(TARGET_NAME)";
				SWIFT_VERSION = 4.0;
				TARGETED_DEVICE_FAMILY = "1,2";
				TEST_TARGET_NAME = MyMemoApp;
			};
			name = Release;
		};
/* End XCBuildConfiguration section */

/* Begin XCConfigurationList section */
		A3829CC51FFDF6900016AFA0 /* Build configuration list for PBXProject "MyMemoApp" */ = {
			isa = XCConfigurationList;
			buildConfigurations = (
				A3829CF01FFDF6900016AFA0 /* Debug */,
				A3829CF11FFDF6900016AFA0 /* Release */,
			);
			defaultConfigurationIsVisible = 0;
			defaultConfigurationName = Release;
		};
		A3829CF21FFDF6900016AFA0 /* Build configuration list for PBXNativeTarget "MyMemoApp" */ = {
			isa = XCConfigurationList;
			buildConfigurations = (
				A3829CF31FFDF6900016AFA0 /* Debug */,
				A3829CF41FFDF6900016AFA0 /* Release */,
			);
			defaultConfigurationIsVisible = 0;
			defaultConfigurationName = Release;
		};
		A3829CF51FFDF6900016AFA0 /* Build configuration list for PBXNativeTarget "MyMemoAppTests" */ = {
			isa = XCConfigurationList;
			buildConfigurations = (
				A3829CF61FFDF6900016AFA0 /* Debug */,
				A3829CF71FFDF6900016AFA0 /* Release */,
			);
			defaultConfigurationIsVisible = 0;
			defaultConfigurationName = Release;
		};
		A3829CF81FFDF6900016AFA0 /* Build configuration list for PBXNativeTarget "MyMemoAppUITests" */ = {
			isa = XCConfigurationList;
			buildConfigurations = (
				A3829CF91FFDF6900016AFA0 /* Debug */,
				A3829CFA1FFDF6900016AFA0 /* Release */,
			);
			defaultConfigurationIsVisible = 0;
			defaultConfigurationName = Release;
		};
/* End XCConfigurationList section */
	};
	rootObject = A3829CC21FFDF6900016AFA0 /* Project object */;
}
