// !$*UTF8*$!
{
	archiveVersion = 1;
	classes = {
	};
	objectVersion = 48;
	objects = {

/* Begin PBXBuildFile section */
		A3829D12200232620016AFA0 /* AppDelegate.swift in Sources */ = {isa = PBXBuildFile; fileRef = A3829D11200232620016AFA0 /* AppDelegate.swift */; };
		A3829D14200232620016AFA0 /* ViewController.swift in Sources */ = {isa = PBXBuildFile; fileRef = A3829D13200232620016AFA0 /* ViewController.swift */; };
		A3829D17200232620016AFA0 /* Main.storyboard in Resources */ = {isa = PBXBuildFile; fileRef = A3829D15200232620016AFA0 /* Main.storyboard */; };
		A3829D19200232620016AFA0 /* Assets.xcassets in Resources */ = {isa = PBXBuildFile; fileRef = A3829D18200232620016AFA0 /* Assets.xcassets */; };
		A3829D1C200232620016AFA0 /* LaunchScreen.storyboard in Resources */ = {isa = PBXBuildFile; fileRef = A3829D1A200232620016AFA0 /* LaunchScreen.storyboard */; };
		A3829D27200232630016AFA0 /* MyBrowserAppTests.swift in Sources */ = {isa = PBXBuildFile; fileRef = A3829D26200232630016AFA0 /* MyBrowserAppTests.swift */; };
		A3829D32200232630016AFA0 /* MyBrowserAppUITests.swift in Sources */ = {isa = PBXBuildFile; fileRef = A3829D31200232630016AFA0 /* MyBrowserAppUITests.swift */; };
/* End PBXBuildFile section */

/* Begin PBXContainerItemProxy section */
		A3829D23200232630016AFA0 /* PBXContainerItemProxy */ = {
			isa = PBXContainerItemProxy;
			containerPortal = A3829D06200232620016AFA0 /* Project object */;
			proxyType = 1;
			remoteGlobalIDString = A3829D0D200232620016AFA0;
			remoteInfo = MyBrowserApp;
		};
		A3829D2E200232630016AFA0 /* PBXContainerItemProxy */ = {
			isa = PBXContainerItemProxy;
			containerPortal = A3829D06200232620016AFA0 /* Project object */;
			proxyType = 1;
			remoteGlobalIDString = A3829D0D200232620016AFA0;
			remoteInfo = MyBrowserApp;
		};
/* End PBXContainerItemProxy section */

/* Begin PBXFileReference section */
		A3829D0E200232620016AFA0 /* MyBrowserApp.app */ = {isa = PBXFileReference; explicitFileType = wrapper.application; includeInIndex = 0; path = MyBrowserApp.app; sourceTree = BUILT_PRODUCTS_DIR; };
		A3829D11200232620016AFA0 /* AppDelegate.swift */ = {isa = PBXFileReference; lastKnownFileType = sourcecode.swift; path = AppDelegate.swift; sourceTree = "<group>"; };
		A3829D13200232620016AFA0 /* ViewController.swift */ = {isa = PBXFileReference; lastKnownFileType = sourcecode.swift; path = ViewController.swift; sourceTree = "<group>"; };
		A3829D16200232620016AFA0 /* Base */ = {isa = PBXFileReference; lastKnownFileType = file.storyboard; name = Base; path = Base.lproj/Main.storyboard; sourceTree = "<group>"; };
		A3829D18200232620016AFA0 /* Assets.xcassets */ = {isa = PBXFileReference; lastKnownFileType = folder.assetcatalog; path = Assets.xcassets; sourceTree = "<group>"; };
		A3829D1B200232620016AFA0 /* Base */ = {isa = PBXFileReference; lastKnownFileType = file.storyboard; name = Base; path = Base.lproj/LaunchScreen.storyboard; sourceTree = "<group>"; };
		A3829D1D200232620016AFA0 /* Info.plist */ = {isa = PBXFileReference; lastKnownFileType = text.plist.xml; path = Info.plist; sourceTree = "<group>"; };
		A3829D22200232630016AFA0 /* MyBrowserAppTests.xctest */ = {isa = PBXFileReference; explicitFileType = wrapper.cfbundle; includeInIndex = 0; path = MyBrowserAppTests.xctest; sourceTree = BUILT_PRODUCTS_DIR; };
		A3829D26200232630016AFA0 /* MyBrowserAppTests.swift */ = {isa = PBXFileReference; lastKnownFileType = sourcecode.swift; path = MyBrowserAppTests.swift; sourceTree = "<group>"; };
		A3829D28200232630016AFA0 /* Info.plist */ = {isa = PBXFileReference; lastKnownFileType = text.plist.xml; path = Info.plist; sourceTree = "<group>"; };
		A3829D2D200232630016AFA0 /* MyBrowserAppUITests.xctest */ = {isa = PBXFileReference; explicitFileType = wrapper.cfbundle; includeInIndex = 0; path = MyBrowserAppUITests.xctest; sourceTree = BUILT_PRODUCTS_DIR; };
		A3829D31200232630016AFA0 /* MyBrowserAppUITests.swift */ = {isa = PBXFileReference; lastKnownFileType = sourcecode.swift; path = MyBrowserAppUITests.swift; sourceTree = "<group>"; };
		A3829D33200232630016AFA0 /* Info.plist */ = {isa = PBXFileReference; lastKnownFileType = text.plist.xml; path = Info.plist; sourceTree = "<group>"; };
/* End PBXFileReference section */

/* Begin PBXFrameworksBuildPhase section */
		A3829D0B200232620016AFA0 /* Frameworks */ = {
			isa = PBXFrameworksBuildPhase;
			buildActionMask = 2147483647;
			files = (
			);
			runOnlyForDeploymentPostprocessing = 0;
		};
		A3829D1F200232630016AFA0 /* Frameworks */ = {
			isa = PBXFrameworksBuildPhase;
			buildActionMask = 2147483647;
			files = (
			);
			runOnlyForDeploymentPostprocessing = 0;
		};
		A3829D2A200232630016AFA0 /* Frameworks */ = {
			isa = PBXFrameworksBuildPhase;
			buildActionMask = 2147483647;
			files = (
			);
			runOnlyForDeploymentPostprocessing = 0;
		};
/* End PBXFrameworksBuildPhase section */

/* Begin PBXGroup section */
		A3829D05200232620016AFA0 = {
			isa = PBXGroup;
			children = (
				A3829D10200232620016AFA0 /* MyBrowserApp */,
				A3829D25200232630016AFA0 /* MyBrowserAppTests */,
				A3829D30200232630016AFA0 /* MyBrowserAppUITests */,
				A3829D0F200232620016AFA0 /* Products */,
			);
			sourceTree = "<group>";
		};
		A3829D0F200232620016AFA0 /* Products */ = {
			isa = PBXGroup;
			children = (
				A3829D0E200232620016AFA0 /* MyBrowserApp.app */,
				A3829D22200232630016AFA0 /* MyBrowserAppTests.xctest */,
				A3829D2D200232630016AFA0 /* MyBrowserAppUITests.xctest */,
			);
			name = Products;
			sourceTree = "<group>";
		};
		A3829D10200232620016AFA0 /* MyBrowserApp */ = {
			isa = PBXGroup;
			children = (
				A3829D11200232620016AFA0 /* AppDelegate.swift */,
				A3829D13200232620016AFA0 /* ViewController.swift */,
				A3829D15200232620016AFA0 /* Main.storyboard */,
				A3829D18200232620016AFA0 /* Assets.xcassets */,
				A3829D1A200232620016AFA0 /* LaunchScreen.storyboard */,
				A3829D1D200232620016AFA0 /* Info.plist */,
			);
			path = MyBrowserApp;
			sourceTree = "<group>";
		};
		A3829D25200232630016AFA0 /* MyBrowserAppTests */ = {
			isa = PBXGroup;
			children = (
				A3829D26200232630016AFA0 /* MyBrowserAppTests.swift */,
				A3829D28200232630016AFA0 /* Info.plist */,
			);
			path = MyBrowserAppTests;
			sourceTree = "<group>";
		};
		A3829D30200232630016AFA0 /* MyBrowserAppUITests */ = {
			isa = PBXGroup;
			children = (
				A3829D31200232630016AFA0 /* MyBrowserAppUITests.swift */,
				A3829D33200232630016AFA0 /* Info.plist */,
			);
			path = MyBrowserAppUITests;
			sourceTree = "<group>";
		};
/* End PBXGroup section */

/* Begin PBXNativeTarget section */
		A3829D0D200232620016AFA0 /* MyBrowserApp */ = {
			isa = PBXNativeTarget;
			buildConfigurationList = A3829D36200232630016AFA0 /* Build configuration list for PBXNativeTarget "MyBrowserApp" */;
			buildPhases = (
				A3829D0A200232620016AFA0 /* Sources */,
				A3829D0B200232620016AFA0 /* Frameworks */,
				A3829D0C200232620016AFA0 /* Resources */,
			);
			buildRules = (
			);
			dependencies = (
			);
			name = MyBrowserApp;
			productName = MyBrowserApp;
			productReference = A3829D0E200232620016AFA0 /* MyBrowserApp.app */;
			productType = "com.apple.product-type.application";
		};
		A3829D21200232630016AFA0 /* MyBrowserAppTests */ = {
			isa = PBXNativeTarget;
			buildConfigurationList = A3829D39200232630016AFA0 /* Build configuration list for PBXNativeTarget "MyBrowserAppTests" */;
			buildPhases = (
				A3829D1E200232630016AFA0 /* Sources */,
				A3829D1F200232630016AFA0 /* Frameworks */,
				A3829D20200232630016AFA0 /* Resources */,
			);
			buildRules = (
			);
			dependencies = (
				A3829D24200232630016AFA0 /* PBXTargetDependency */,
			);
			name = MyBrowserAppTests;
			productName = MyBrowserAppTests;
			productReference = A3829D22200232630016AFA0 /* MyBrowserAppTests.xctest */;
			productType = "com.apple.product-type.bundle.unit-test";
		};
		A3829D2C200232630016AFA0 /* MyBrowserAppUITests */ = {
			isa = PBXNativeTarget;
			buildConfigurationList = A3829D3C200232630016AFA0 /* Build configuration list for PBXNativeTarget "MyBrowserAppUITests" */;
			buildPhases = (
				A3829D29200232630016AFA0 /* Sources */,
				A3829D2A200232630016AFA0 /* Frameworks */,
				A3829D2B200232630016AFA0 /* Resources */,
			);
			buildRules = (
			);
			dependencies = (
				A3829D2F200232630016AFA0 /* PBXTargetDependency */,
			);
			name = MyBrowserAppUITests;
			productName = MyBrowserAppUITests;
			productReference = A3829D2D200232630016AFA0 /* MyBrowserAppUITests.xctest */;
			productType = "com.apple.product-type.bundle.ui-testing";
		};
/* End PBXNativeTarget section */

/* Begin PBXProject section */
		A3829D06200232620016AFA0 /* Project object */ = {
			isa = PBXProject;
			attributes = {
				LastSwiftUpdateCheck = 0920;
				LastUpgradeCheck = 0920;
				ORGANIZATIONNAME = yutaSanada;
				TargetAttributes = {
					A3829D0D200232620016AFA0 = {
						CreatedOnToolsVersion = 9.2;
						ProvisioningStyle = Automatic;
					};
					A3829D21200232630016AFA0 = {
						CreatedOnToolsVersion = 9.2;
						ProvisioningStyle = Automatic;
						TestTargetID = A3829D0D200232620016AFA0;
					};
					A3829D2C200232630016AFA0 = {
						CreatedOnToolsVersion = 9.2;
						ProvisioningStyle = Automatic;
						TestTargetID = A3829D0D200232620016AFA0;
					};
				};
			};
			buildConfigurationList = A3829D09200232620016AFA0 /* Build configuration list for PBXProject "MyBrowserApp" */;
			compatibilityVersion = "Xcode 8.0";
			developmentRegion = en;
			hasScannedForEncodings = 0;
			knownRegions = (
				en,
				Base,
			);
			mainGroup = A3829D05200232620016AFA0;
			productRefGroup = A3829D0F200232620016AFA0 /* Products */;
			projectDirPath = "";
			projectRoot = "";
			targets = (
				A3829D0D200232620016AFA0 /* MyBrowserApp */,
				A3829D21200232630016AFA0 /* MyBrowserAppTests */,
				A3829D2C200232630016AFA0 /* MyBrowserAppUITests */,
			);
		};
/* End PBXProject section */

/* Begin PBXResourcesBuildPhase section */
		A3829D0C200232620016AFA0 /* Resources */ = {
			isa = PBXResourcesBuildPhase;
			buildActionMask = 2147483647;
			files = (
				A3829D1C200232620016AFA0 /* LaunchScreen.storyboard in Resources */,
				A3829D19200232620016AFA0 /* Assets.xcassets in Resources */,
				A3829D17200232620016AFA0 /* Main.storyboard in Resources */,
			);
			runOnlyForDeploymentPostprocessing = 0;
		};
		A3829D20200232630016AFA0 /* Resources */ = {
			isa = PBXResourcesBuildPhase;
			buildActionMask = 2147483647;
			files = (
			);
			runOnlyForDeploymentPostprocessing = 0;
		};
		A3829D2B200232630016AFA0 /* Resources */ = {
			isa = PBXResourcesBuildPhase;
			buildActionMask = 2147483647;
			files = (
			);
			runOnlyForDeploymentPostprocessing = 0;
		};
/* End PBXResourcesBuildPhase section */

/* Begin PBXSourcesBuildPhase section */
		A3829D0A200232620016AFA0 /* Sources */ = {
			isa = PBXSourcesBuildPhase;
			buildActionMask = 2147483647;
			files = (
				A3829D14200232620016AFA0 /* ViewController.swift in Sources */,
				A3829D12200232620016AFA0 /* AppDelegate.swift in Sources */,
			);
			runOnlyForDeploymentPostprocessing = 0;
		};
		A3829D1E200232630016AFA0 /* Sources */ = {
			isa = PBXSourcesBuildPhase;
			buildActionMask = 2147483647;
			files = (
				A3829D27200232630016AFA0 /* MyBrowserAppTests.swift in Sources */,
			);
			runOnlyForDeploymentPostprocessing = 0;
		};
		A3829D29200232630016AFA0 /* Sources */ = {
			isa = PBXSourcesBuildPhase;
			buildActionMask = 2147483647;
			files = (
				A3829D32200232630016AFA0 /* MyBrowserAppUITests.swift in Sources */,
			);
			runOnlyForDeploymentPostprocessing = 0;
		};
/* End PBXSourcesBuildPhase section */

/* Begin PBXTargetDependency section */
		A3829D24200232630016AFA0 /* PBXTargetDependency */ = {
			isa = PBXTargetDependency;
			target = A3829D0D200232620016AFA0 /* MyBrowserApp */;
			targetProxy = A3829D23200232630016AFA0 /* PBXContainerItemProxy */;
		};
		A3829D2F200232630016AFA0 /* PBXTargetDependency */ = {
			isa = PBXTargetDependency;
			target = A3829D0D200232620016AFA0 /* MyBrowserApp */;
			targetProxy = A3829D2E200232630016AFA0 /* PBXContainerItemProxy */;
		};
/* End PBXTargetDependency section */

/* Begin PBXVariantGroup section */
		A3829D15200232620016AFA0 /* Main.storyboard */ = {
			isa = PBXVariantGroup;
			children = (
				A3829D16200232620016AFA0 /* Base */,
			);
			name = Main.storyboard;
			sourceTree = "<group>";
		};
		A3829D1A200232620016AFA0 /* LaunchScreen.storyboard */ = {
			isa = PBXVariantGroup;
			children = (
				A3829D1B200232620016AFA0 /* Base */,
			);
			name = LaunchScreen.storyboard;
			sourceTree = "<group>";
		};
/* End PBXVariantGroup section */

/* Begin XCBuildConfiguration section */
		A3829D34200232630016AFA0 /* Debug */ = {
			isa = XCBuildConfiguration;
			buildSettings = {
				ALWAYS_SEARCH_USER_PATHS = NO;
				CLANG_ANALYZER_NONNULL = YES;
				CLANG_ANALYZER_NUMBER_OBJECT_CONVERSION = YES_AGGRESSIVE;
				CLANG_CXX_LANGUAGE_STANDARD = "gnu++14";
				CLANG_CXX_LIBRARY = "libc++";
				CLANG_ENABLE_MODULES = YES;
				CLANG_ENABLE_OBJC_ARC = YES;
				CLANG_WARN_BLOCK_CAPTURE_AUTORELEASING = YES;
				CLANG_WARN_BOOL_CONVERSION = YES;
				CLANG_WARN_COMMA = YES;
				CLANG_WARN_CONSTANT_CONVERSION = YES;
				CLANG_WARN_DIRECT_OBJC_ISA_USAGE = YES_ERROR;
				CLANG_WARN_DOCUMENTATION_COMMENTS = YES;
				CLANG_WARN_EMPTY_BODY = YES;
				CLANG_WARN_ENUM_CONVERSION = YES;
				CLANG_WARN_INFINITE_RECURSION = YES;
				CLANG_WARN_INT_CONVERSION = YES;
				CLANG_WARN_NON_LITERAL_NULL_CONVERSION = YES;
				CLANG_WARN_OBJC_LITERAL_CONVERSION = YES;
				CLANG_WARN_OBJC_ROOT_CLASS = YES_ERROR;
				CLANG_WARN_RANGE_LOOP_ANALYSIS = YES;
				CLANG_WARN_STRICT_PROTOTYPES = YES;
				CLANG_WARN_SUSPICIOUS_MOVE = YES;
				CLANG_WARN_UNGUARDED_AVAILABILITY = YES_AGGRESSIVE;
				CLANG_WARN_UNREACHABLE_CODE = YES;
				CLANG_WARN__DUPLICATE_METHOD_MATCH = YES;
				CODE_SIGN_IDENTITY = "iPhone Developer";
				COPY_PHASE_STRIP = NO;
				DEBUG_INFORMATION_FORMAT = dwarf;
				ENABLE_STRICT_OBJC_MSGSEND = YES;
				ENABLE_TESTABILITY = YES;
				GCC_C_LANGUAGE_STANDARD = gnu11;
				GCC_DYNAMIC_NO_PIC = NO;
				GCC_NO_COMMON_BLOCKS = YES;
				GCC_OPTIMIZATION_LEVEL = 0;
				GCC_PREPROCESSOR_DEFINITIONS = (
					"DEBUG=1",
					"$(inherited)",
				);
				GCC_WARN_64_TO_32_BIT_CONVERSION = YES;
				GCC_WARN_ABOUT_RETURN_TYPE = YES_ERROR;
				GCC_WARN_UNDECLARED_SELECTOR = YES;
				GCC_WARN_UNINITIALIZED_AUTOS = YES_AGGRESSIVE;
				GCC_WARN_UNUSED_FUNCTION = YES;
				GCC_WARN_UNUSED_VARIABLE = YES;
				IPHONEOS_DEPLOYMENT_TARGET = 11.2;
				MTL_ENABLE_DEBUG_INFO = YES;
				ONLY_ACTIVE_ARCH = YES;
				SDKROOT = iphoneos;
				SWIFT_ACTIVE_COMPILATION_CONDITIONS = DEBUG;
				SWIFT_OPTIMIZATION_LEVEL = "-Onone";
			};
			name = Debug;
		};
		A3829D35200232630016AFA0 /* Release */ = {
			isa = XCBuildConfiguration;
			buildSettings = {
				ALWAYS_SEARCH_USER_PATHS = NO;
				CLANG_ANALYZER_NONNULL = YES;
				CLANG_ANALYZER_NUMBER_OBJECT_CONVERSION = YES_AGGRESSIVE;
				CLANG_CXX_LANGUAGE_STANDARD = "gnu++14";
				CLANG_CXX_LIBRARY = "libc++";
				CLANG_ENABLE_MODULES = YES;
				CLANG_ENABLE_OBJC_ARC = YES;
				CLANG_WARN_BLOCK_CAPTURE_AUTORELEASING = YES;
				CLANG_WARN_BOOL_CONVERSION = YES;
				CLANG_WARN_COMMA = YES;
				CLANG_WARN_CONSTANT_CONVERSION = YES;
				CLANG_WARN_DIRECT_OBJC_ISA_USAGE = YES_ERROR;
				CLANG_WARN_DOCUMENTATION_COMMENTS = YES;
				CLANG_WARN_EMPTY_BODY = YES;
				CLANG_WARN_ENUM_CONVERSION = YES;
				CLANG_WARN_INFINITE_RECURSION = YES;
				CLANG_WARN_INT_CONVERSION = YES;
				CLANG_WARN_NON_LITERAL_NULL_CONVERSION = YES;
				CLANG_WARN_OBJC_LITERAL_CONVERSION = YES;
				CLANG_WARN_OBJC_ROOT_CLASS = YES_ERROR;
				CLANG_WARN_RANGE_LOOP_ANALYSIS = YES;
				CLANG_WARN_STRICT_PROTOTYPES = YES;
				CLANG_WARN_SUSPICIOUS_MOVE = YES;
				CLANG_WARN_UNGUARDED_AVAILABILITY = YES_AGGRESSIVE;
				CLANG_WARN_UNREACHABLE_CODE = YES;
				CLANG_WARN__DUPLICATE_METHOD_MATCH = YES;
				CODE_SIGN_IDENTITY = "iPhone Developer";
				COPY_PHASE_STRIP = NO;
				DEBUG_INFORMATION_FORMAT = "dwarf-with-dsym";
				ENABLE_NS_ASSERTIONS = NO;
				ENABLE_STRICT_OBJC_MSGSEND = YES;
				GCC_C_LANGUAGE_STANDARD = gnu11;
				GCC_NO_COMMON_BLOCKS = YES;
				GCC_WARN_64_TO_32_BIT_CONVERSION = YES;
				GCC_WARN_ABOUT_RETURN_TYPE = YES_ERROR;
				GCC_WARN_UNDECLARED_SELECTOR = YES;
				GCC_WARN_UNINITIALIZED_AUTOS = YES_AGGRESSIVE;
				GCC_WARN_UNUSED_FUNCTION = YES;
				GCC_WARN_UNUSED_VARIABLE = YES;
				IPHONEOS_DEPLOYMENT_TARGET = 11.2;
				MTL_ENABLE_DEBUG_INFO = NO;
				SDKROOT = iphoneos;
				SWIFT_OPTIMIZATION_LEVEL = "-Owholemodule";
				VALIDATE_PRODUCT = YES;
			};
			name = Release;
		};
		A3829D37200232630016AFA0 /* Debug */ = {
			isa = XCBuildConfiguration;
			buildSettings = {
				ASSETCATALOG_COMPILER_APPICON_NAME = AppIcon;
				CODE_SIGN_STYLE = Automatic;
				INFOPLIST_FILE = MyBrowserApp/Info.plist;
				LD_RUNPATH_SEARCH_PATHS = "$(inherited) @executable_path/Frameworks";
				PRODUCT_BUNDLE_IDENTIFIER = com.yutaSanada.MyBrowserApp;
				PRODUCT_NAME = "$(TARGET_NAME)";
				SWIFT_VERSION = 4.0;
				TARGETED_DEVICE_FAMILY = "1,2";
			};
			name = Debug;
		};
		A3829D38200232630016AFA0 /* Release */ = {
			isa = XCBuildConfiguration;
			buildSettings = {
				ASSETCATALOG_COMPILER_APPICON_NAME = AppIcon;
				CODE_SIGN_STYLE = Automatic;
				INFOPLIST_FILE = MyBrowserApp/Info.plist;
				LD_RUNPATH_SEARCH_PATHS = "$(inherited) @executable_path/Frameworks";
				PRODUCT_BUNDLE_IDENTIFIER = com.yutaSanada.MyBrowserApp;
				PRODUCT_NAME = "$(TARGET_NAME)";
				SWIFT_VERSION = 4.0;
				TARGETED_DEVICE_FAMILY = "1,2";
			};
			name = Release;
		};
		A3829D3A200232630016AFA0 /* Debug */ = {
			isa = XCBuildConfiguration;
			buildSettings = {
				ALWAYS_EMBED_SWIFT_STANDARD_LIBRARIES = YES;
				BUNDLE_LOADER = "$(TEST_HOST)";
				CODE_SIGN_STYLE = Automatic;
				INFOPLIST_FILE = MyBrowserAppTests/Info.plist;
				LD_RUNPATH_SEARCH_PATHS = "$(inherited) @executable_path/Frameworks @loader_path/Frameworks";
				PRODUCT_BUNDLE_IDENTIFIER = com.yutaSanada.MyBrowserAppTests;
				PRODUCT_NAME = "$(TARGET_NAME)";
				SWIFT_VERSION = 4.0;
				TARGETED_DEVICE_FAMILY = "1,2";
				TEST_HOST = "$(BUILT_PRODUCTS_DIR)/MyBrowserApp.app/MyBrowserApp";
			};
			name = Debug;
		};
		A3829D3B200232630016AFA0 /* Release */ = {
			isa = XCBuildConfiguration;
			buildSettings = {
				ALWAYS_EMBED_SWIFT_STANDARD_LIBRARIES = YES;
				BUNDLE_LOADER = "$(TEST_HOST)";
				CODE_SIGN_STYLE = Automatic;
				INFOPLIST_FILE = MyBrowserAppTests/Info.plist;
				LD_RUNPATH_SEARCH_PATHS = "$(inherited) @executable_path/Frameworks @loader_path/Frameworks";
				PRODUCT_BUNDLE_IDENTIFIER = com.yutaSanada.MyBrowserAppTests;
				PRODUCT_NAME = "$(TARGET_NAME)";
				SWIFT_VERSION = 4.0;
				TARGETED_DEVICE_FAMILY = "1,2";
				TEST_HOST = "$(BUILT_PRODUCTS_DIR)/MyBrowserApp.app/MyBrowserApp";
			};
			name = Release;
		};
		A3829D3D200232630016AFA0 /* Debug */ = {
			isa = XCBuildConfiguration;
			buildSettings = {
				ALWAYS_EMBED_SWIFT_STANDARD_LIBRARIES = YES;
				CODE_SIGN_STYLE = Automatic;
				INFOPLIST_FILE = MyBrowserAppUITests/Info.plist;
				LD_RUNPATH_SEARCH_PATHS = "$(inherited) @executable_path/Frameworks @loader_path/Frameworks";
				PRODUCT_BUNDLE_IDENTIFIER = com.yutaSanada.MyBrowserAppUITests;
				PRODUCT_NAME = "$(TARGET_NAME)";
				SWIFT_VERSION = 4.0;
				TARGETED_DEVICE_FAMILY = "1,2";
				TEST_TARGET_NAME = MyBrowserApp;
			};
			name = Debug;
		};
		A3829D3E200232630016AFA0 /* Release */ = {
			isa = XCBuildConfiguration;
			buildSettings = {
				ALWAYS_EMBED_SWIFT_STANDARD_LIBRARIES = YES;
				CODE_SIGN_STYLE = Automatic;
				INFOPLIST_FILE = MyBrowserAppUITests/Info.plist;
				LD_RUNPATH_SEARCH_PATHS = "$(inherited) @executable_path/Frameworks @loader_path/Frameworks";
				PRODUCT_BUNDLE_IDENTIFIER = com.yutaSanada.MyBrowserAppUITests;
				PRODUCT_NAME = "$(TARGET_NAME)";
				SWIFT_VERSION = 4.0;
				TARGETED_DEVICE_FAMILY = "1,2";
				TEST_TARGET_NAME = MyBrowserApp;
			};
			name = Release;
		};
/* End XCBuildConfiguration section */

/* Begin XCConfigurationList section */
		A3829D09200232620016AFA0 /* Build configuration list for PBXProject "MyBrowserApp" */ = {
			isa = XCConfigurationList;
			buildConfigurations = (
				A3829D34200232630016AFA0 /* Debug */,
				A3829D35200232630016AFA0 /* Release */,
			);
			defaultConfigurationIsVisible = 0;
			defaultConfigurationName = Release;
		};
		A3829D36200232630016AFA0 /* Build configuration list for PBXNativeTarget "MyBrowserApp" */ = {
			isa = XCConfigurationList;
			buildConfigurations = (
				A3829D37200232630016AFA0 /* Debug */,
				A3829D38200232630016AFA0 /* Release */,
			);
			defaultConfigurationIsVisible = 0;
			defaultConfigurationName = Release;
		};
		A3829D39200232630016AFA0 /* Build configuration list for PBXNativeTarget "MyBrowserAppTests" */ = {
			isa = XCConfigurationList;
			buildConfigurations = (
				A3829D3A200232630016AFA0 /* Debug */,
				A3829D3B200232630016AFA0 /* Release */,
			);
			defaultConfigurationIsVisible = 0;
			defaultConfigurationName = Release;
		};
		A3829D3C200232630016AFA0 /* Build configuration list for PBXNativeTarget "MyBrowserAppUITests" */ = {
			isa = XCConfigurationList;
			buildConfigurations = (
				A3829D3D200232630016AFA0 /* Debug */,
				A3829D3E200232630016AFA0 /* Release */,
			);
			defaultConfigurationIsVisible = 0;
			defaultConfigurationName = Release;
		};
/* End XCConfigurationList section */
	};
	rootObject = A3829D06200232620016AFA0 /* Project object */;
}
